
Microsoft Visual Studio Solution File, Format Version 12.00
# Visual Studio Version 16
VisualStudioVersion = 16.0.29519.87
MinimumVisualStudioVersion = 10.0.40219.1
Project("{FAE04EC0-301F-11D3-BF4B-00C04F79EFBC}") = "Matrizes@Vetores", "Matrizes@Vetores\Matrizes@Vetores.csproj", "{435EFDD6-53EA-4DC1-AFE0-86ED00350380}"
EndProject
Global
	GlobalSection(SolutionConfigurationPlatforms) = preSolution
		Debug|Any CPU = Debug|Any CPU
		Release|Any CPU = Release|Any CPU
	EndGlobalSection
	GlobalSection(ProjectConfigurationPlatforms) = postSolution
		{435EFDD6-53EA-4DC1-AFE0-86ED00350380}.Debug|Any CPU.ActiveCfg = Debug|Any CPU
		{435EFDD6-53EA-4DC1-AFE0-86ED00350380}.Debug|Any CPU.Build.0 = Debug|Any CPU
		{435EFDD6-53EA-4DC1-AFE0-86ED00350380}.Release|Any CPU.ActiveCfg = Release|Any CPU
		{435EFDD6-53EA-4DC1-AFE0-86ED00350380}.Release|Any CPU.Build.0 = Release|Any CPU
	EndGlobalSection
	GlobalSection(SolutionProperties) = preSolution
		HideSolutionNode = FALSE
	EndGlobalSection
	GlobalSection(ExtensibilityGlobals) = postSolution
		SolutionGuid = {F23E5274-B10F-48C9-9E03-30B89775EDD1}
	EndGlobalSection
EndGlobal
